
Microsoft Visual Studio Solution File, Format Version 12.00
# Visual Studio Version 16
VisualStudioVersion = 16.0.31424.327
MinimumVisualStudioVersion = 10.0.40219.1
Project("{FAE04EC0-301F-11D3-BF4B-00C04F79EFBC}") = "WebSockets", "WebSockets\WebSockets.csproj", "{F46089B6-DC72-4ECD-8204-AD177564210D}"
EndProject
Project("{FAE04EC0-301F-11D3-BF4B-00C04F79EFBC}") = "WebSocket.Console", "WebSocket.Console\WebSocket.Console.csproj", "{E730445A-D89F-441C-8AEF-7C39AAFE1152}"
EndProject
Global
	GlobalSection(SolutionConfigurationPlatforms) = preSolution
		Debug|Any CPU = Debug|Any CPU
		Release|Any CPU = Release|Any CPU
	EndGlobalSection
	GlobalSection(ProjectConfigurationPlatforms) = postSolution
		{F46089B6-DC72-4ECD-8204-AD177564210D}.Debug|Any CPU.ActiveCfg = Debug|Any CPU
		{F46089B6-DC72-4ECD-8204-AD177564210D}.Debug|Any CPU.Build.0 = Debug|Any CPU
		{F46089B6-DC72-4ECD-8204-AD177564210D}.Release|Any CPU.ActiveCfg = Release|Any CPU
		{F46089B6-DC72-4ECD-8204-AD177564210D}.Release|Any CPU.Build.0 = Release|Any CPU
		{E730445A-D89F-441C-8AEF-7C39AAFE1152}.Debug|Any CPU.ActiveCfg = Debug|Any CPU
		{E730445A-D89F-441C-8AEF-7C39AAFE1152}.Debug|Any CPU.Build.0 = Debug|Any CPU
		{E730445A-D89F-441C-8AEF-7C39AAFE1152}.Release|Any CPU.ActiveCfg = Release|Any CPU
		{E730445A-D89F-441C-8AEF-7C39AAFE1152}.Release|Any CPU.Build.0 = Release|Any CPU
	EndGlobalSection
	GlobalSection(SolutionProperties) = preSolution
		HideSolutionNode = FALSE
	EndGlobalSection
	GlobalSection(ExtensibilityGlobals) = postSolution
		SolutionGuid = {EF572C60-FDBF-4C50-82A5-13034917C8A0}
	EndGlobalSection
EndGlobal
